
Microsoft Visual Studio Solution File, Format Version 12.00
# Visual Studio Version 16
VisualStudioVersion = 16.0.31702.278
MinimumVisualStudioVersion = 10.0.40219.1
Project("{FAE04EC0-301F-11D3-BF4B-00C04F79EFBC}") = "RestAPI", "RestAPI\RestAPI.csproj", "{411FAE0F-14E6-42D1-9425-F9F3D53FFDEC}"
EndProject
Global
	GlobalSection(SolutionConfigurationPlatforms) = preSolution
		Debug|Any CPU = Debug|Any CPU
		Release|Any CPU = Release|Any CPU
	EndGlobalSection
	GlobalSection(ProjectConfigurationPlatforms) = postSolution
		{411FAE0F-14E6-42D1-9425-F9F3D53FFDEC}.Debug|Any CPU.ActiveCfg = Debug|Any CPU
		{411FAE0F-14E6-42D1-9425-F9F3D53FFDEC}.Debug|Any CPU.Build.0 = Debug|Any CPU
		{411FAE0F-14E6-42D1-9425-F9F3D53FFDEC}.Release|Any CPU.ActiveCfg = Release|Any CPU
		{411FAE0F-14E6-42D1-9425-F9F3D53FFDEC}.Release|Any CPU.Build.0 = Release|Any CPU
	EndGlobalSection
	GlobalSection(SolutionProperties) = preSolution
		HideSolutionNode = FALSE
	EndGlobalSection
	GlobalSection(ExtensibilityGlobals) = postSolution
		SolutionGuid = {860D2ACB-15F5-4062-9735-6225F467C3F1}
	EndGlobalSection
EndGlobal
